{
    "version": 3,
    "terraform_version": "0.11.11",
    "serial": 11,
    "lineage": "ee965954-393b-849f-548f-a5371cff79fd",
    "modules": [
        {
            "path": [
                "root"
            ],
            "outputs": {},
            "resources": {
                "aws_db_instance.mysql": {
                    "type": "aws_db_instance",
                    "depends_on": [],
                    "primary": {
                        "id": "terraform-20190124210304934300000001",
                        "attributes": {
                            "address": "terraform-20190124210304934300000001.cb9epl39yryi.ca-central-1.rds.amazonaws.com",
                            "allocated_storage": "10",
                            "arn": "arn:aws:rds:ca-central-1:540464524475:db:terraform-20190124210304934300000001",
                            "auto_minor_version_upgrade": "true",
                            "availability_zone": "ca-central-1b",
                            "backup_retention_period": "5",
                            "backup_window": "07:00-09:00",
                            "ca_cert_identifier": "rds-ca-2015",
                            "copy_tags_to_snapshot": "false",
                            "db_subnet_group_name": "default",
                            "deletion_protection": "false",
                            "domain": "",
                            "domain_iam_role_name": "",
                            "enabled_cloudwatch_logs_exports.#": "0",
                            "endpoint": "terraform-20190124210304934300000001.cb9epl39yryi.ca-central-1.rds.amazonaws.com:3306",
                            "engine": "mysql",
                            "engine_version": "8.0.13",
                            "hosted_zone_id": "Z1JG78A3UK1DU3",
                            "iam_database_authentication_enabled": "false",
                            "id": "terraform-20190124210304934300000001",
                            "identifier": "terraform-20190124210304934300000001",
                            "instance_class": "db.t2.micro",
                            "iops": "0",
                            "kms_key_id": "",
                            "license_model": "general-public-license",
                            "maintenance_window": "thu:03:35-thu:04:05",
                            "monitoring_interval": "0",
                            "multi_az": "false",
                            "name": "notejam",
                            "option_group_name": "default:mysql-8-0",
                            "parameter_group_name": "default.mysql8.0",
                            "password": "notejam1234",
                            "port": "3306",
                            "publicly_accessible": "false",
                            "replicas.#": "0",
                            "replicate_source_db": "",
                            "resource_id": "db-MOSPTFZPO4NH3UIMJG3O24NSX4",
                            "security_group_names.#": "0",
                            "skip_final_snapshot": "false",
                            "status": "available",
                            "storage_encrypted": "false",
                            "storage_type": "gp2",
                            "tags.%": "0",
                            "timezone": "",
                            "username": "notejam",
                            "vpc_security_group_ids.#": "1",
                            "vpc_security_group_ids.704739268": "sg-0c024365"
                        },
                        "meta": {
                            "e2bfb730-ecaa-11e6-8f88-34363bc7c4c0": {
                                "create": 2400000000000,
                                "delete": 2400000000000,
                                "update": 4800000000000
                            }
                        },
                        "tainted": false
                    },
                    "deposed": [],
                    "provider": "provider.aws"
                }
            },
            "depends_on": []
        }
    ]
}
